
Microsoft Visual Studio Solution File, Format Version 12.00
# Visual Studio Version 16
VisualStudioVersion = 16.0.30011.22
MinimumVisualStudioVersion = 10.0.40219.1
Project("{FAE04EC0-301F-11D3-BF4B-00C04F79EFBC}") = "CalculadoraTP1", "CalculadoraTP1.csproj", "{32E3E5BF-88B2-41DE-901C-934734000A60}"
EndProject
Global
	GlobalSection(SolutionConfigurationPlatforms) = preSolution
		Debug|Any CPU = Debug|Any CPU
		Release|Any CPU = Release|Any CPU
	EndGlobalSection
	GlobalSection(ProjectConfigurationPlatforms) = postSolution
		{32E3E5BF-88B2-41DE-901C-934734000A60}.Debug|Any CPU.ActiveCfg = Debug|Any CPU
		{32E3E5BF-88B2-41DE-901C-934734000A60}.Debug|Any CPU.Build.0 = Debug|Any CPU
		{32E3E5BF-88B2-41DE-901C-934734000A60}.Release|Any CPU.ActiveCfg = Release|Any CPU
		{32E3E5BF-88B2-41DE-901C-934734000A60}.Release|Any CPU.Build.0 = Release|Any CPU
	EndGlobalSection
	GlobalSection(SolutionProperties) = preSolution
		HideSolutionNode = FALSE
	EndGlobalSection
	GlobalSection(ExtensibilityGlobals) = postSolution
		SolutionGuid = {2D10F015-B9F7-440F-BF4C-3064C4E1EA0C}
	EndGlobalSection
EndGlobal
